// !$*UTF8*$!
{
	archiveVersion = 1;
	classes = {
	};
	objectVersion = 46;
	objects = {

/* Begin PBXBuildFile section */
		1F293CB31770FBC9009C8DA9 /* UIKit.framework in Frameworks */ = {isa = PBXBuildFile; fileRef = 1F293CB21770FBC9009C8DA9 /* UIKit.framework */; };
		1F293CB51770FBC9009C8DA9 /* Foundation.framework in Frameworks */ = {isa = PBXBuildFile; fileRef = 1F293CB41770FBC9009C8DA9 /* Foundation.framework */; };
		1F293CB71770FBC9009C8DA9 /* CoreGraphics.framework in Frameworks */ = {isa = PBXBuildFile; fileRef = 1F293CB61770FBC9009C8DA9 /* CoreGraphics.framework */; };
		1F293CB91770FBC9009C8DA9 /* CoreData.framework in Frameworks */ = {isa = PBXBuildFile; fileRef = 1F293CB81770FBC9009C8DA9 /* CoreData.framework */; };
		1F293CBF1770FBC9009C8DA9 /* InfoPlist.strings in Resources */ = {isa = PBXBuildFile; fileRef = 1F293CBD1770FBC9009C8DA9 /* InfoPlist.strings */; };
		1F293CC11770FBC9009C8DA9 /* main.m in Sources */ = {isa = PBXBuildFile; fileRef = 1F293CC01770FBC9009C8DA9 /* main.m */; };
		1F293CC51770FBC9009C8DA9 /* PXAppDelegate.m in Sources */ = {isa = PBXBuildFile; fileRef = 1F293CC41770FBC9009C8DA9 /* PXAppDelegate.m */; };
		1F293CC71770FBC9009C8DA9 /* Default.png in Resources */ = {isa = PBXBuildFile; fileRef = 1F293CC61770FBC9009C8DA9 /* Default.png */; };
		1F293CC91770FBC9009C8DA9 /* Default@2x.png in Resources */ = {isa = PBXBuildFile; fileRef = 1F293CC81770FBC9009C8DA9 /* Default@2x.png */; };
		1F293CCB1770FBC9009C8DA9 /* Default-568h@2x.png in Resources */ = {isa = PBXBuildFile; fileRef = 1F293CCA1770FBC9009C8DA9 /* Default-568h@2x.png */; };
		1F293CCE1770FBC9009C8DA9 /* Phylodex.xcdatamodeld in Sources */ = {isa = PBXBuildFile; fileRef = 1F293CCC1770FBC9009C8DA9 /* Phylodex.xcdatamodeld */; };
		1F293CD61770FBC9009C8DA9 /* SenTestingKit.framework in Frameworks */ = {isa = PBXBuildFile; fileRef = 1F293CD51770FBC9009C8DA9 /* SenTestingKit.framework */; };
		1F293CD71770FBC9009C8DA9 /* UIKit.framework in Frameworks */ = {isa = PBXBuildFile; fileRef = 1F293CB21770FBC9009C8DA9 /* UIKit.framework */; };
		1F293CD81770FBC9009C8DA9 /* Foundation.framework in Frameworks */ = {isa = PBXBuildFile; fileRef = 1F293CB41770FBC9009C8DA9 /* Foundation.framework */; };
		1F293CD91770FBC9009C8DA9 /* CoreData.framework in Frameworks */ = {isa = PBXBuildFile; fileRef = 1F293CB81770FBC9009C8DA9 /* CoreData.framework */; };
		1F293CE11770FBC9009C8DA9 /* InfoPlist.strings in Resources */ = {isa = PBXBuildFile; fileRef = 1F293CDF1770FBC9009C8DA9 /* InfoPlist.strings */; };
		1F293CE41770FBC9009C8DA9 /* PhylodexTests.m in Sources */ = {isa = PBXBuildFile; fileRef = 1F293CE31770FBC9009C8DA9 /* PhylodexTests.m */; };
		1F293CF0177101DC009C8DA9 /* PXRootViewController.m in Sources */ = {isa = PBXBuildFile; fileRef = 1F293CEE177101DC009C8DA9 /* PXRootViewController.m */; };
		1F293CF1177101DC009C8DA9 /* PXRootViewController.xib in Resources */ = {isa = PBXBuildFile; fileRef = 1F293CEF177101DC009C8DA9 /* PXRootViewController.xib */; };
		1F293CF51771036B009C8DA9 /* PXWebSearchViewController.m in Sources */ = {isa = PBXBuildFile; fileRef = 1F293CF31771036B009C8DA9 /* PXWebSearchViewController.m */; };
		1F293CF61771036B009C8DA9 /* PXWebSearchViewController.xib in Resources */ = {isa = PBXBuildFile; fileRef = 1F293CF41771036B009C8DA9 /* PXWebSearchViewController.xib */; };
		1F293CFA17710670009C8DA9 /* PXShareViewController.m in Sources */ = {isa = PBXBuildFile; fileRef = 1F293CF817710670009C8DA9 /* PXShareViewController.m */; };
		1F293CFB17710670009C8DA9 /* PXShareViewController.xib in Resources */ = {isa = PBXBuildFile; fileRef = 1F293CF917710670009C8DA9 /* PXShareViewController.xib */; };
/* End PBXBuildFile section */

/* Begin PBXContainerItemProxy section */
		1F293CDA1770FBC9009C8DA9 /* PBXContainerItemProxy */ = {
			isa = PBXContainerItemProxy;
			containerPortal = 1F293CA71770FBC9009C8DA9 /* Project object */;
			proxyType = 1;
			remoteGlobalIDString = 1F293CAE1770FBC9009C8DA9;
			remoteInfo = Phylodex;
		};
/* End PBXContainerItemProxy section */

/* Begin PBXFileReference section */
		1F293CAF1770FBC9009C8DA9 /* Phylodex.app */ = {isa = PBXFileReference; explicitFileType = wrapper.application; includeInIndex = 0; path = Phylodex.app; sourceTree = BUILT_PRODUCTS_DIR; };
		1F293CB21770FBC9009C8DA9 /* UIKit.framework */ = {isa = PBXFileReference; lastKnownFileType = wrapper.framework; name = UIKit.framework; path = System/Library/Frameworks/UIKit.framework; sourceTree = SDKROOT; };
		1F293CB41770FBC9009C8DA9 /* Foundation.framework */ = {isa = PBXFileReference; lastKnownFileType = wrapper.framework; name = Foundation.framework; path = System/Library/Frameworks/Foundation.framework; sourceTree = SDKROOT; };
		1F293CB61770FBC9009C8DA9 /* CoreGraphics.framework */ = {isa = PBXFileReference; lastKnownFileType = wrapper.framework; name = CoreGraphics.framework; path = System/Library/Frameworks/CoreGraphics.framework; sourceTree = SDKROOT; };
		1F293CB81770FBC9009C8DA9 /* CoreData.framework */ = {isa = PBXFileReference; lastKnownFileType = wrapper.framework; name = CoreData.framework; path = System/Library/Frameworks/CoreData.framework; sourceTree = SDKROOT; };
		1F293CBC1770FBC9009C8DA9 /* Phylodex-Info.plist */ = {isa = PBXFileReference; lastKnownFileType = text.plist.xml; path = "Phylodex-Info.plist"; sourceTree = "<group>"; };
		1F293CBE1770FBC9009C8DA9 /* en */ = {isa = PBXFileReference; lastKnownFileType = text.plist.strings; name = en; path = en.lproj/InfoPlist.strings; sourceTree = "<group>"; };
		1F293CC01770FBC9009C8DA9 /* main.m */ = {isa = PBXFileReference; lastKnownFileType = sourcecode.c.objc; path = main.m; sourceTree = "<group>"; };
		1F293CC21770FBC9009C8DA9 /* Phylodex-Prefix.pch */ = {isa = PBXFileReference; lastKnownFileType = sourcecode.c.h; path = "Phylodex-Prefix.pch"; sourceTree = "<group>"; };
		1F293CC31770FBC9009C8DA9 /* PXAppDelegate.h */ = {isa = PBXFileReference; lastKnownFileType = sourcecode.c.h; path = PXAppDelegate.h; sourceTree = "<group>"; };
		1F293CC41770FBC9009C8DA9 /* PXAppDelegate.m */ = {isa = PBXFileReference; lastKnownFileType = sourcecode.c.objc; path = PXAppDelegate.m; sourceTree = "<group>"; };
		1F293CC61770FBC9009C8DA9 /* Default.png */ = {isa = PBXFileReference; lastKnownFileType = image.png; path = Default.png; sourceTree = "<group>"; };
		1F293CC81770FBC9009C8DA9 /* Default@2x.png */ = {isa = PBXFileReference; lastKnownFileType = image.png; path = "Default@2x.png"; sourceTree = "<group>"; };
		1F293CCA1770FBC9009C8DA9 /* Default-568h@2x.png */ = {isa = PBXFileReference; lastKnownFileType = image.png; path = "Default-568h@2x.png"; sourceTree = "<group>"; };
		1F293CCD1770FBC9009C8DA9 /* Phylodex.xcdatamodel */ = {isa = PBXFileReference; lastKnownFileType = wrapper.xcdatamodel; path = Phylodex.xcdatamodel; sourceTree = "<group>"; };
		1F293CD41770FBC9009C8DA9 /* PhylodexTests.octest */ = {isa = PBXFileReference; explicitFileType = wrapper.cfbundle; includeInIndex = 0; path = PhylodexTests.octest; sourceTree = BUILT_PRODUCTS_DIR; };
		1F293CD51770FBC9009C8DA9 /* SenTestingKit.framework */ = {isa = PBXFileReference; lastKnownFileType = wrapper.framework; name = SenTestingKit.framework; path = Library/Frameworks/SenTestingKit.framework; sourceTree = DEVELOPER_DIR; };
		1F293CDE1770FBC9009C8DA9 /* PhylodexTests-Info.plist */ = {isa = PBXFileReference; lastKnownFileType = text.plist.xml; path = "PhylodexTests-Info.plist"; sourceTree = "<group>"; };
		1F293CE01770FBC9009C8DA9 /* en */ = {isa = PBXFileReference; lastKnownFileType = text.plist.strings; name = en; path = en.lproj/InfoPlist.strings; sourceTree = "<group>"; };
		1F293CE21770FBC9009C8DA9 /* PhylodexTests.h */ = {isa = PBXFileReference; lastKnownFileType = sourcecode.c.h; path = PhylodexTests.h; sourceTree = "<group>"; };
		1F293CE31770FBC9009C8DA9 /* PhylodexTests.m */ = {isa = PBXFileReference; lastKnownFileType = sourcecode.c.objc; path = PhylodexTests.m; sourceTree = "<group>"; };
		1F293CED177101DC009C8DA9 /* PXRootViewController.h */ = {isa = PBXFileReference; fileEncoding = 4; lastKnownFileType = sourcecode.c.h; path = PXRootViewController.h; sourceTree = "<group>"; };
		1F293CEE177101DC009C8DA9 /* PXRootViewController.m */ = {isa = PBXFileReference; fileEncoding = 4; lastKnownFileType = sourcecode.c.objc; path = PXRootViewController.m; sourceTree = "<group>"; };
		1F293CEF177101DC009C8DA9 /* PXRootViewController.xib */ = {isa = PBXFileReference; fileEncoding = 4; lastKnownFileType = file.xib; path = PXRootViewController.xib; sourceTree = "<group>"; };
		1F293CF21771036B009C8DA9 /* PXWebSearchViewController.h */ = {isa = PBXFileReference; fileEncoding = 4; lastKnownFileType = sourcecode.c.h; path = PXWebSearchViewController.h; sourceTree = "<group>"; };
		1F293CF31771036B009C8DA9 /* PXWebSearchViewController.m */ = {isa = PBXFileReference; fileEncoding = 4; lastKnownFileType = sourcecode.c.objc; path = PXWebSearchViewController.m; sourceTree = "<group>"; };
		1F293CF41771036B009C8DA9 /* PXWebSearchViewController.xib */ = {isa = PBXFileReference; fileEncoding = 4; lastKnownFileType = file.xib; path = PXWebSearchViewController.xib; sourceTree = "<group>"; };
		1F293CF717710670009C8DA9 /* PXShareViewController.h */ = {isa = PBXFileReference; fileEncoding = 4; lastKnownFileType = sourcecode.c.h; path = PXShareViewController.h; sourceTree = "<group>"; };
		1F293CF817710670009C8DA9 /* PXShareViewController.m */ = {isa = PBXFileReference; fileEncoding = 4; lastKnownFileType = sourcecode.c.objc; path = PXShareViewController.m; sourceTree = "<group>"; };
		1F293CF917710670009C8DA9 /* PXShareViewController.xib */ = {isa = PBXFileReference; fileEncoding = 4; lastKnownFileType = file.xib; path = PXShareViewController.xib; sourceTree = "<group>"; };
/* End PBXFileReference section */

/* Begin PBXFrameworksBuildPhase section */
		1F293CAC1770FBC9009C8DA9 /* Frameworks */ = {
			isa = PBXFrameworksBuildPhase;
			buildActionMask = 2147483647;
			files = (
				1F293CB31770FBC9009C8DA9 /* UIKit.framework in Frameworks */,
				1F293CB51770FBC9009C8DA9 /* Foundation.framework in Frameworks */,
				1F293CB71770FBC9009C8DA9 /* CoreGraphics.framework in Frameworks */,
				1F293CB91770FBC9009C8DA9 /* CoreData.framework in Frameworks */,
			);
			runOnlyForDeploymentPostprocessing = 0;
		};
		1F293CD01770FBC9009C8DA9 /* Frameworks */ = {
			isa = PBXFrameworksBuildPhase;
			buildActionMask = 2147483647;
			files = (
				1F293CD61770FBC9009C8DA9 /* SenTestingKit.framework in Frameworks */,
				1F293CD71770FBC9009C8DA9 /* UIKit.framework in Frameworks */,
				1F293CD81770FBC9009C8DA9 /* Foundation.framework in Frameworks */,
				1F293CD91770FBC9009C8DA9 /* CoreData.framework in Frameworks */,
			);
			runOnlyForDeploymentPostprocessing = 0;
		};
/* End PBXFrameworksBuildPhase section */

/* Begin PBXGroup section */
		1F293CA61770FBC9009C8DA9 = {
			isa = PBXGroup;
			children = (
				1F293CBA1770FBC9009C8DA9 /* Phylodex */,
				1F293CDC1770FBC9009C8DA9 /* PhylodexTests */,
				1F293CB11770FBC9009C8DA9 /* Frameworks */,
				1F293CB01770FBC9009C8DA9 /* Products */,
			);
			sourceTree = "<group>";
		};
		1F293CB01770FBC9009C8DA9 /* Products */ = {
			isa = PBXGroup;
			children = (
				1F293CAF1770FBC9009C8DA9 /* Phylodex.app */,
				1F293CD41770FBC9009C8DA9 /* PhylodexTests.octest */,
			);
			name = Products;
			sourceTree = "<group>";
		};
		1F293CB11770FBC9009C8DA9 /* Frameworks */ = {
			isa = PBXGroup;
			children = (
				1F293CB21770FBC9009C8DA9 /* UIKit.framework */,
				1F293CB41770FBC9009C8DA9 /* Foundation.framework */,
				1F293CB61770FBC9009C8DA9 /* CoreGraphics.framework */,
				1F293CB81770FBC9009C8DA9 /* CoreData.framework */,
				1F293CD51770FBC9009C8DA9 /* SenTestingKit.framework */,
			);
			name = Frameworks;
			sourceTree = "<group>";
		};
		1F293CBA1770FBC9009C8DA9 /* Phylodex */ = {
			isa = PBXGroup;
			children = (
				1F293CC31770FBC9009C8DA9 /* PXAppDelegate.h */,
				1F293CC41770FBC9009C8DA9 /* PXAppDelegate.m */,
				1F293CCC1770FBC9009C8DA9 /* Phylodex.xcdatamodeld */,
				1F293CBB1770FBC9009C8DA9 /* Supporting Files */,
				1F293CED177101DC009C8DA9 /* PXRootViewController.h */,
				1F293CEE177101DC009C8DA9 /* PXRootViewController.m */,
				1F293CEF177101DC009C8DA9 /* PXRootViewController.xib */,
			);
			path = Phylodex;
			sourceTree = "<group>";
		};
		1F293CBB1770FBC9009C8DA9 /* Supporting Files */ = {
			isa = PBXGroup;
			children = (
				1F293CBC1770FBC9009C8DA9 /* Phylodex-Info.plist */,
				1F293CBD1770FBC9009C8DA9 /* InfoPlist.strings */,
				1F293CC01770FBC9009C8DA9 /* main.m */,
				1F293CC21770FBC9009C8DA9 /* Phylodex-Prefix.pch */,
				1F293CC61770FBC9009C8DA9 /* Default.png */,
				1F293CC81770FBC9009C8DA9 /* Default@2x.png */,
				1F293CCA1770FBC9009C8DA9 /* Default-568h@2x.png */,
				1F293CF21771036B009C8DA9 /* PXWebSearchViewController.h */,
				1F293CF31771036B009C8DA9 /* PXWebSearchViewController.m */,
				1F293CF41771036B009C8DA9 /* PXWebSearchViewController.xib */,
				1F293CF717710670009C8DA9 /* PXShareViewController.h */,
				1F293CF817710670009C8DA9 /* PXShareViewController.m */,
				1F293CF917710670009C8DA9 /* PXShareViewController.xib */,
			);
			name = "Supporting Files";
			sourceTree = "<group>";
		};
		1F293CDC1770FBC9009C8DA9 /* PhylodexTests */ = {
			isa = PBXGroup;
			children = (
				1F293CE21770FBC9009C8DA9 /* PhylodexTests.h */,
				1F293CE31770FBC9009C8DA9 /* PhylodexTests.m */,
				1F293CDD1770FBC9009C8DA9 /* Supporting Files */,
			);
			path = PhylodexTests;
			sourceTree = "<group>";
		};
		1F293CDD1770FBC9009C8DA9 /* Supporting Files */ = {
			isa = PBXGroup;
			children = (
				1F293CDE1770FBC9009C8DA9 /* PhylodexTests-Info.plist */,
				1F293CDF1770FBC9009C8DA9 /* InfoPlist.strings */,
			);
			name = "Supporting Files";
			sourceTree = "<group>";
		};
/* End PBXGroup section */

/* Begin PBXNativeTarget section */
		1F293CAE1770FBC9009C8DA9 /* Phylodex */ = {
			isa = PBXNativeTarget;
			buildConfigurationList = 1F293CE71770FBC9009C8DA9 /* Build configuration list for PBXNativeTarget "Phylodex" */;
			buildPhases = (
				1F293CAB1770FBC9009C8DA9 /* Sources */,
				1F293CAC1770FBC9009C8DA9 /* Frameworks */,
				1F293CAD1770FBC9009C8DA9 /* Resources */,
			);
			buildRules = (
			);
			dependencies = (
			);
			name = Phylodex;
			productName = Phylodex;
			productReference = 1F293CAF1770FBC9009C8DA9 /* Phylodex.app */;
			productType = "com.apple.product-type.application";
		};
		1F293CD31770FBC9009C8DA9 /* PhylodexTests */ = {
			isa = PBXNativeTarget;
			buildConfigurationList = 1F293CEA1770FBC9009C8DA9 /* Build configuration list for PBXNativeTarget "PhylodexTests" */;
			buildPhases = (
				1F293CCF1770FBC9009C8DA9 /* Sources */,
				1F293CD01770FBC9009C8DA9 /* Frameworks */,
				1F293CD11770FBC9009C8DA9 /* Resources */,
				1F293CD21770FBC9009C8DA9 /* ShellScript */,
			);
			buildRules = (
			);
			dependencies = (
				1F293CDB1770FBC9009C8DA9 /* PBXTargetDependency */,
			);
			name = PhylodexTests;
			productName = PhylodexTests;
			productReference = 1F293CD41770FBC9009C8DA9 /* PhylodexTests.octest */;
			productType = "com.apple.product-type.bundle";
		};
/* End PBXNativeTarget section */

/* Begin PBXProject section */
		1F293CA71770FBC9009C8DA9 /* Project object */ = {
			isa = PBXProject;
			attributes = {
				CLASSPREFIX = PX;
				LastUpgradeCheck = 0460;
				ORGANIZATIONNAME = Phylosoft;
			};
			buildConfigurationList = 1F293CAA1770FBC9009C8DA9 /* Build configuration list for PBXProject "Phylodex" */;
			compatibilityVersion = "Xcode 3.2";
			developmentRegion = English;
			hasScannedForEncodings = 0;
			knownRegions = (
				en,
			);
			mainGroup = 1F293CA61770FBC9009C8DA9;
			productRefGroup = 1F293CB01770FBC9009C8DA9 /* Products */;
			projectDirPath = "";
			projectRoot = "";
			targets = (
				1F293CAE1770FBC9009C8DA9 /* Phylodex */,
				1F293CD31770FBC9009C8DA9 /* PhylodexTests */,
			);
		};
/* End PBXProject section */

/* Begin PBXResourcesBuildPhase section */
		1F293CAD1770FBC9009C8DA9 /* Resources */ = {
			isa = PBXResourcesBuildPhase;
			buildActionMask = 2147483647;
			files = (
				1F293CBF1770FBC9009C8DA9 /* InfoPlist.strings in Resources */,
				1F293CC71770FBC9009C8DA9 /* Default.png in Resources */,
				1F293CC91770FBC9009C8DA9 /* Default@2x.png in Resources */,
				1F293CCB1770FBC9009C8DA9 /* Default-568h@2x.png in Resources */,
				1F293CF1177101DC009C8DA9 /* PXRootViewController.xib in Resources */,
				1F293CF61771036B009C8DA9 /* PXWebSearchViewController.xib in Resources */,
				1F293CFB17710670009C8DA9 /* PXShareViewController.xib in Resources */,
			);
			runOnlyForDeploymentPostprocessing = 0;
		};
		1F293CD11770FBC9009C8DA9 /* Resources */ = {
			isa = PBXResourcesBuildPhase;
			buildActionMask = 2147483647;
			files = (
				1F293CE11770FBC9009C8DA9 /* InfoPlist.strings in Resources */,
			);
			runOnlyForDeploymentPostprocessing = 0;
		};
/* End PBXResourcesBuildPhase section */

/* Begin PBXShellScriptBuildPhase section */
		1F293CD21770FBC9009C8DA9 /* ShellScript */ = {
			isa = PBXShellScriptBuildPhase;
			buildActionMask = 2147483647;
			files = (
			);
			inputPaths = (
			);
			outputPaths = (
			);
			runOnlyForDeploymentPostprocessing = 0;
			shellPath = /bin/sh;
			shellScript = "# Run the unit tests in this test bundle.\n\"${SYSTEM_DEVELOPER_DIR}/Tools/RunUnitTests\"\n";
		};
/* End PBXShellScriptBuildPhase section */

/* Begin PBXSourcesBuildPhase section */
		1F293CAB1770FBC9009C8DA9 /* Sources */ = {
			isa = PBXSourcesBuildPhase;
			buildActionMask = 2147483647;
			files = (
				1F293CC11770FBC9009C8DA9 /* main.m in Sources */,
				1F293CC51770FBC9009C8DA9 /* PXAppDelegate.m in Sources */,
				1F293CCE1770FBC9009C8DA9 /* Phylodex.xcdatamodeld in Sources */,
				1F293CF0177101DC009C8DA9 /* PXRootViewController.m in Sources */,
				1F293CF51771036B009C8DA9 /* PXWebSearchViewController.m in Sources */,
				1F293CFA17710670009C8DA9 /* PXShareViewController.m in Sources */,
			);
			runOnlyForDeploymentPostprocessing = 0;
		};
		1F293CCF1770FBC9009C8DA9 /* Sources */ = {
			isa = PBXSourcesBuildPhase;
			buildActionMask = 2147483647;
			files = (
				1F293CE41770FBC9009C8DA9 /* PhylodexTests.m in Sources */,
			);
			runOnlyForDeploymentPostprocessing = 0;
		};
/* End PBXSourcesBuildPhase section */

/* Begin PBXTargetDependency section */
		1F293CDB1770FBC9009C8DA9 /* PBXTargetDependency */ = {
			isa = PBXTargetDependency;
			target = 1F293CAE1770FBC9009C8DA9 /* Phylodex */;
			targetProxy = 1F293CDA1770FBC9009C8DA9 /* PBXContainerItemProxy */;
		};
/* End PBXTargetDependency section */

/* Begin PBXVariantGroup section */
		1F293CBD1770FBC9009C8DA9 /* InfoPlist.strings */ = {
			isa = PBXVariantGroup;
			children = (
				1F293CBE1770FBC9009C8DA9 /* en */,
			);
			name = InfoPlist.strings;
			sourceTree = "<group>";
		};
		1F293CDF1770FBC9009C8DA9 /* InfoPlist.strings */ = {
			isa = PBXVariantGroup;
			children = (
				1F293CE01770FBC9009C8DA9 /* en */,
			);
			name = InfoPlist.strings;
			sourceTree = "<group>";
		};
/* End PBXVariantGroup section */

/* Begin XCBuildConfiguration section */
		1F293CE51770FBC9009C8DA9 /* Debug */ = {
			isa = XCBuildConfiguration;
			buildSettings = {
				ALWAYS_SEARCH_USER_PATHS = NO;
				CLANG_CXX_LANGUAGE_STANDARD = "gnu++0x";
				CLANG_CXX_LIBRARY = "libc++";
				CLANG_ENABLE_OBJC_ARC = YES;
				CLANG_WARN_CONSTANT_CONVERSION = YES;
				CLANG_WARN_EMPTY_BODY = YES;
				CLANG_WARN_ENUM_CONVERSION = YES;
				CLANG_WARN_INT_CONVERSION = YES;
				CLANG_WARN__DUPLICATE_METHOD_MATCH = YES;
				"CODE_SIGN_IDENTITY[sdk=iphoneos*]" = "iPhone Developer";
				COPY_PHASE_STRIP = NO;
				GCC_C_LANGUAGE_STANDARD = gnu99;
				GCC_DYNAMIC_NO_PIC = NO;
				GCC_OPTIMIZATION_LEVEL = 0;
				GCC_PREPROCESSOR_DEFINITIONS = (
					"DEBUG=1",
					"$(inherited)",
				);
				GCC_SYMBOLS_PRIVATE_EXTERN = NO;
				GCC_WARN_ABOUT_RETURN_TYPE = YES;
				GCC_WARN_UNINITIALIZED_AUTOS = YES;
				GCC_WARN_UNUSED_VARIABLE = YES;
				IPHONEOS_DEPLOYMENT_TARGET = 6.1;
				ONLY_ACTIVE_ARCH = YES;
				SDKROOT = iphoneos;
			};
			name = Debug;
		};
		1F293CE61770FBC9009C8DA9 /* Release */ = {
			isa = XCBuildConfiguration;
			buildSettings = {
				ALWAYS_SEARCH_USER_PATHS = NO;
				CLANG_CXX_LANGUAGE_STANDARD = "gnu++0x";
				CLANG_CXX_LIBRARY = "libc++";
				CLANG_ENABLE_OBJC_ARC = YES;
				CLANG_WARN_CONSTANT_CONVERSION = YES;
				CLANG_WARN_EMPTY_BODY = YES;
				CLANG_WARN_ENUM_CONVERSION = YES;
				CLANG_WARN_INT_CONVERSION = YES;
				CLANG_WARN__DUPLICATE_METHOD_MATCH = YES;
				"CODE_SIGN_IDENTITY[sdk=iphoneos*]" = "iPhone Developer";
				COPY_PHASE_STRIP = YES;
				GCC_C_LANGUAGE_STANDARD = gnu99;
				GCC_WARN_ABOUT_RETURN_TYPE = YES;
				GCC_WARN_UNINITIALIZED_AUTOS = YES;
				GCC_WARN_UNUSED_VARIABLE = YES;
				IPHONEOS_DEPLOYMENT_TARGET = 6.1;
				OTHER_CFLAGS = "-DNS_BLOCK_ASSERTIONS=1";
				SDKROOT = iphoneos;
				VALIDATE_PRODUCT = YES;
			};
			name = Release;
		};
		1F293CE81770FBC9009C8DA9 /* Debug */ = {
			isa = XCBuildConfiguration;
			buildSettings = {
				GCC_PRECOMPILE_PREFIX_HEADER = YES;
				GCC_PREFIX_HEADER = "Phylodex/Phylodex-Prefix.pch";
				INFOPLIST_FILE = "Phylodex/Phylodex-Info.plist";
				PRODUCT_NAME = "$(TARGET_NAME)";
				WRAPPER_EXTENSION = app;
			};
			name = Debug;
		};
		1F293CE91770FBC9009C8DA9 /* Release */ = {
			isa = XCBuildConfiguration;
			buildSettings = {
				GCC_PRECOMPILE_PREFIX_HEADER = YES;
				GCC_PREFIX_HEADER = "Phylodex/Phylodex-Prefix.pch";
				INFOPLIST_FILE = "Phylodex/Phylodex-Info.plist";
				PRODUCT_NAME = "$(TARGET_NAME)";
				WRAPPER_EXTENSION = app;
			};
			name = Release;
		};
		1F293CEB1770FBC9009C8DA9 /* Debug */ = {
			isa = XCBuildConfiguration;
			buildSettings = {
				BUNDLE_LOADER = "$(BUILT_PRODUCTS_DIR)/Phylodex.app/Phylodex";
				FRAMEWORK_SEARCH_PATHS = (
					"\"$(SDKROOT)/Developer/Library/Frameworks\"",
					"\"$(DEVELOPER_LIBRARY_DIR)/Frameworks\"",
				);
				GCC_PRECOMPILE_PREFIX_HEADER = YES;
				GCC_PREFIX_HEADER = "Phylodex/Phylodex-Prefix.pch";
				INFOPLIST_FILE = "PhylodexTests/PhylodexTests-Info.plist";
				PRODUCT_NAME = "$(TARGET_NAME)";
				TEST_HOST = "$(BUNDLE_LOADER)";
				WRAPPER_EXTENSION = octest;
			};
			name = Debug;
		};
		1F293CEC1770FBC9009C8DA9 /* Release */ = {
			isa = XCBuildConfiguration;
			buildSettings = {
				BUNDLE_LOADER = "$(BUILT_PRODUCTS_DIR)/Phylodex.app/Phylodex";
				FRAMEWORK_SEARCH_PATHS = (
					"\"$(SDKROOT)/Developer/Library/Frameworks\"",
					"\"$(DEVELOPER_LIBRARY_DIR)/Frameworks\"",
				);
				GCC_PRECOMPILE_PREFIX_HEADER = YES;
				GCC_PREFIX_HEADER = "Phylodex/Phylodex-Prefix.pch";
				INFOPLIST_FILE = "PhylodexTests/PhylodexTests-Info.plist";
				PRODUCT_NAME = "$(TARGET_NAME)";
				TEST_HOST = "$(BUNDLE_LOADER)";
				WRAPPER_EXTENSION = octest;
			};
			name = Release;
		};
/* End XCBuildConfiguration section */

/* Begin XCConfigurationList section */
		1F293CAA1770FBC9009C8DA9 /* Build configuration list for PBXProject "Phylodex" */ = {
			isa = XCConfigurationList;
			buildConfigurations = (
				1F293CE51770FBC9009C8DA9 /* Debug */,
				1F293CE61770FBC9009C8DA9 /* Release */,
			);
			defaultConfigurationIsVisible = 0;
			defaultConfigurationName = Release;
		};
		1F293CE71770FBC9009C8DA9 /* Build configuration list for PBXNativeTarget "Phylodex" */ = {
			isa = XCConfigurationList;
			buildConfigurations = (
				1F293CE81770FBC9009C8DA9 /* Debug */,
				1F293CE91770FBC9009C8DA9 /* Release */,
			);
			defaultConfigurationIsVisible = 0;
		};
		1F293CEA1770FBC9009C8DA9 /* Build configuration list for PBXNativeTarget "PhylodexTests" */ = {
			isa = XCConfigurationList;
			buildConfigurations = (
				1F293CEB1770FBC9009C8DA9 /* Debug */,
				1F293CEC1770FBC9009C8DA9 /* Release */,
			);
			defaultConfigurationIsVisible = 0;
		};
/* End XCConfigurationList section */

/* Begin XCVersionGroup section */
		1F293CCC1770FBC9009C8DA9 /* Phylodex.xcdatamodeld */ = {
			isa = XCVersionGroup;
			children = (
				1F293CCD1770FBC9009C8DA9 /* Phylodex.xcdatamodel */,
			);
			currentVersion = 1F293CCD1770FBC9009C8DA9 /* Phylodex.xcdatamodel */;
			path = Phylodex.xcdatamodeld;
			sourceTree = "<group>";
			versionGroupType = wrapper.xcdatamodel;
		};
/* End XCVersionGroup section */
	};
	rootObject = 1F293CA71770FBC9009C8DA9 /* Project object */;
}
